
Microsoft Visual Studio Solution File, Format Version 12.00
# Visual Studio Version 16
VisualStudioVersion = 16.0.29409.12
MinimumVisualStudioVersion = 10.0.40219.1
Project("{FAE04EC0-301F-11D3-BF4B-00C04F79EFBC}") = "Alg6", "Alg6\Alg6.csproj", "{D4EFE5C3-2AC2-4C05-9615-D80ADF162D6A}"
EndProject
Global
	GlobalSection(SolutionConfigurationPlatforms) = preSolution
		Debug|Any CPU = Debug|Any CPU
		Release|Any CPU = Release|Any CPU
	EndGlobalSection
	GlobalSection(ProjectConfigurationPlatforms) = postSolution
		{D4EFE5C3-2AC2-4C05-9615-D80ADF162D6A}.Debug|Any CPU.ActiveCfg = Debug|Any CPU
		{D4EFE5C3-2AC2-4C05-9615-D80ADF162D6A}.Debug|Any CPU.Build.0 = Debug|Any CPU
		{D4EFE5C3-2AC2-4C05-9615-D80ADF162D6A}.Release|Any CPU.ActiveCfg = Release|Any CPU
		{D4EFE5C3-2AC2-4C05-9615-D80ADF162D6A}.Release|Any CPU.Build.0 = Release|Any CPU
	EndGlobalSection
	GlobalSection(SolutionProperties) = preSolution
		HideSolutionNode = FALSE
	EndGlobalSection
	GlobalSection(ExtensibilityGlobals) = postSolution
		SolutionGuid = {B44B4D11-1997-49AF-A28D-E1C9FA898C0A}
	EndGlobalSection
EndGlobal
